// !$*UTF8*$!
{
	archiveVersion = 1;
	classes = {
	};
	objectVersion = 55;
	objects = {

/* Begin PBXBuildFile section */
		1C70B9BB2800B5600024A334 /* HomeView.swift in Sources */ = {isa = PBXBuildFile; fileRef = 1C70B9BA2800B5600024A334 /* HomeView.swift */; };
		1C70B9BD2800B59A0024A334 /* ViewRepresentable.swift in Sources */ = {isa = PBXBuildFile; fileRef = 1C70B9BC2800B59A0024A334 /* ViewRepresentable.swift */; };
		1C91BCDB2802A5F700D13281 /* Alamofire in Frameworks */ = {isa = PBXBuildFile; productRef = 1C91BCDA2802A5F700D13281 /* Alamofire */; };
		1C91BCDD2802A71900D13281 /* APIService.swift in Sources */ = {isa = PBXBuildFile; fileRef = 1C91BCDC2802A71900D13281 /* APIService.swift */; };
		1C91BCE02802A7B700D13281 /* SwiftyJSON in Frameworks */ = {isa = PBXBuildFile; productRef = 1C91BCDF2802A7B700D13281 /* SwiftyJSON */; };
		1C91BCE22802A81500D13281 /* Endpoint.swift in Sources */ = {isa = PBXBuildFile; fileRef = 1C91BCE12802A81500D13281 /* Endpoint.swift */; };
		1C91BCE42802AB8C00D13281 /* WeatherType.swift in Sources */ = {isa = PBXBuildFile; fileRef = 1C91BCE32802AB8C00D13281 /* WeatherType.swift */; };
		1C91BCE62802ADAC00D13281 /* Location.swift in Sources */ = {isa = PBXBuildFile; fileRef = 1C91BCE52802ADAC00D13281 /* Location.swift */; };
		1CA3B7AF2800B2910054EC4E /* AppDelegate.swift in Sources */ = {isa = PBXBuildFile; fileRef = 1CA3B7AE2800B2910054EC4E /* AppDelegate.swift */; };
		1CA3B7B12800B2910054EC4E /* SceneDelegate.swift in Sources */ = {isa = PBXBuildFile; fileRef = 1CA3B7B02800B2910054EC4E /* SceneDelegate.swift */; };
		1CA3B7B32800B2910054EC4E /* HomeViewController.swift in Sources */ = {isa = PBXBuildFile; fileRef = 1CA3B7B22800B2910054EC4E /* HomeViewController.swift */; };
		1CA3B7B82800B2940054EC4E /* Assets.xcassets in Resources */ = {isa = PBXBuildFile; fileRef = 1CA3B7B72800B2940054EC4E /* Assets.xcassets */; };
		1CA3B7BB2800B2940054EC4E /* LaunchScreen.storyboard in Resources */ = {isa = PBXBuildFile; fileRef = 1CA3B7B92800B2940054EC4E /* LaunchScreen.storyboard */; };
/* End PBXBuildFile section */

/* Begin PBXFileReference section */
		1C70B9BA2800B5600024A334 /* HomeView.swift */ = {isa = PBXFileReference; lastKnownFileType = sourcecode.swift; path = HomeView.swift; sourceTree = "<group>"; };
		1C70B9BC2800B59A0024A334 /* ViewRepresentable.swift */ = {isa = PBXFileReference; lastKnownFileType = sourcecode.swift; path = ViewRepresentable.swift; sourceTree = "<group>"; };
		1C91BCDC2802A71900D13281 /* APIService.swift */ = {isa = PBXFileReference; lastKnownFileType = sourcecode.swift; path = APIService.swift; sourceTree = "<group>"; };
		1C91BCE12802A81500D13281 /* Endpoint.swift */ = {isa = PBXFileReference; lastKnownFileType = sourcecode.swift; path = Endpoint.swift; sourceTree = "<group>"; };
		1C91BCE32802AB8C00D13281 /* WeatherType.swift */ = {isa = PBXFileReference; lastKnownFileType = sourcecode.swift; path = WeatherType.swift; sourceTree = "<group>"; };
		1C91BCE52802ADAC00D13281 /* Location.swift */ = {isa = PBXFileReference; lastKnownFileType = sourcecode.swift; path = Location.swift; sourceTree = "<group>"; };
		1CA3B7AB2800B2910054EC4E /* WeatherApp.app */ = {isa = PBXFileReference; explicitFileType = wrapper.application; includeInIndex = 0; path = WeatherApp.app; sourceTree = BUILT_PRODUCTS_DIR; };
		1CA3B7AE2800B2910054EC4E /* AppDelegate.swift */ = {isa = PBXFileReference; lastKnownFileType = sourcecode.swift; path = AppDelegate.swift; sourceTree = "<group>"; };
		1CA3B7B02800B2910054EC4E /* SceneDelegate.swift */ = {isa = PBXFileReference; lastKnownFileType = sourcecode.swift; path = SceneDelegate.swift; sourceTree = "<group>"; };
		1CA3B7B22800B2910054EC4E /* HomeViewController.swift */ = {isa = PBXFileReference; lastKnownFileType = sourcecode.swift; path = HomeViewController.swift; sourceTree = "<group>"; };
		1CA3B7B72800B2940054EC4E /* Assets.xcassets */ = {isa = PBXFileReference; lastKnownFileType = folder.assetcatalog; path = Assets.xcassets; sourceTree = "<group>"; };
		1CA3B7BA2800B2940054EC4E /* Base */ = {isa = PBXFileReference; lastKnownFileType = file.storyboard; name = Base; path = Base.lproj/LaunchScreen.storyboard; sourceTree = "<group>"; };
		1CA3B7BC2800B2940054EC4E /* Info.plist */ = {isa = PBXFileReference; lastKnownFileType = text.plist.xml; path = Info.plist; sourceTree = "<group>"; };
/* End PBXFileReference section */

/* Begin PBXFrameworksBuildPhase section */
		1CA3B7A82800B2910054EC4E /* Frameworks */ = {
			isa = PBXFrameworksBuildPhase;
			buildActionMask = 2147483647;
			files = (
				1C91BCE02802A7B700D13281 /* SwiftyJSON in Frameworks */,
				1C91BCDB2802A5F700D13281 /* Alamofire in Frameworks */,
			);
			runOnlyForDeploymentPostprocessing = 0;
		};
/* End PBXFrameworksBuildPhase section */

/* Begin PBXGroup section */
		1C70B9BE2800B7B10024A334 /* View */ = {
			isa = PBXGroup;
			children = (
				1C70B9BA2800B5600024A334 /* HomeView.swift */,
			);
			path = View;
			sourceTree = "<group>";
		};
		1C70B9BF2800B7BD0024A334 /* Protocol */ = {
			isa = PBXGroup;
			children = (
				1C70B9BC2800B59A0024A334 /* ViewRepresentable.swift */,
			);
			path = Protocol;
			sourceTree = "<group>";
		};
		1C70B9C02800B8230024A334 /* Model */ = {
			isa = PBXGroup;
			children = (
				1C91BCE52802ADAC00D13281 /* Location.swift */,
				1C91BCE32802AB8C00D13281 /* WeatherType.swift */,
			);
			path = Model;
			sourceTree = "<group>";
		};
		1C91BCE72802BF0900D13281 /* Service */ = {
			isa = PBXGroup;
			children = (
				1C91BCE12802A81500D13281 /* Endpoint.swift */,
				1C91BCDC2802A71900D13281 /* APIService.swift */,
			);
			path = Service;
			sourceTree = "<group>";
		};
		1C91BCE82802BF1D00D13281 /* Controller */ = {
			isa = PBXGroup;
			children = (
				1CA3B7B22800B2910054EC4E /* HomeViewController.swift */,
			);
			path = Controller;
			sourceTree = "<group>";
		};
		1CA3B7A22800B2910054EC4E = {
			isa = PBXGroup;
			children = (
				1CA3B7AD2800B2910054EC4E /* WeatherApp */,
				1CA3B7AC2800B2910054EC4E /* Products */,
			);
			sourceTree = "<group>";
		};
		1CA3B7AC2800B2910054EC4E /* Products */ = {
			isa = PBXGroup;
			children = (
				1CA3B7AB2800B2910054EC4E /* WeatherApp.app */,
			);
			name = Products;
			sourceTree = "<group>";
		};
		1CA3B7AD2800B2910054EC4E /* WeatherApp */ = {
			isa = PBXGroup;
			children = (
				1CA3B7C32800B2C60054EC4E /* Resources */,
				1CA3B7C22800B2B90054EC4E /* Sources */,
				1CA3B7C42800B2CB0054EC4E /* Supporting Files */,
			);
			path = WeatherApp;
			sourceTree = "<group>";
		};
		1CA3B7C22800B2B90054EC4E /* Sources */ = {
			isa = PBXGroup;
			children = (
				1CA3B7AE2800B2910054EC4E /* AppDelegate.swift */,
				1CA3B7B02800B2910054EC4E /* SceneDelegate.swift */,
				1C70B9BF2800B7BD0024A334 /* Protocol */,
				1C91BCE72802BF0900D13281 /* Service */,
				1C70B9C02800B8230024A334 /* Model */,
				1C70B9BE2800B7B10024A334 /* View */,
				1C91BCE82802BF1D00D13281 /* Controller */,
			);
			path = Sources;
			sourceTree = "<group>";
		};
		1CA3B7C32800B2C60054EC4E /* Resources */ = {
			isa = PBXGroup;
			children = (
				1CA3B7B72800B2940054EC4E /* Assets.xcassets */,
				1CA3B7B92800B2940054EC4E /* LaunchScreen.storyboard */,
			);
			path = Resources;
			sourceTree = "<group>";
		};
		1CA3B7C42800B2CB0054EC4E /* Supporting Files */ = {
			isa = PBXGroup;
			children = (
				1CA3B7BC2800B2940054EC4E /* Info.plist */,
			);
			path = "Supporting Files";
			sourceTree = "<group>";
		};
/* End PBXGroup section */

/* Begin PBXNativeTarget section */
		1CA3B7AA2800B2910054EC4E /* WeatherApp */ = {
			isa = PBXNativeTarget;
			buildConfigurationList = 1CA3B7BF2800B2940054EC4E /* Build configuration list for PBXNativeTarget "WeatherApp" */;
			buildPhases = (
				1CA3B7A72800B2910054EC4E /* Sources */,
				1CA3B7A82800B2910054EC4E /* Frameworks */,
				1CA3B7A92800B2910054EC4E /* Resources */,
			);
			buildRules = (
			);
			dependencies = (
			);
			name = WeatherApp;
			packageProductDependencies = (
				1C91BCDA2802A5F700D13281 /* Alamofire */,
				1C91BCDF2802A7B700D13281 /* SwiftyJSON */,
			);
			productName = WeatherApp;
			productReference = 1CA3B7AB2800B2910054EC4E /* WeatherApp.app */;
			productType = "com.apple.product-type.application";
		};
/* End PBXNativeTarget section */

/* Begin PBXProject section */
		1CA3B7A32800B2910054EC4E /* Project object */ = {
			isa = PBXProject;
			attributes = {
				BuildIndependentTargetsInParallel = 1;
				LastSwiftUpdateCheck = 1330;
				LastUpgradeCheck = 1330;
				TargetAttributes = {
					1CA3B7AA2800B2910054EC4E = {
						CreatedOnToolsVersion = 13.3;
					};
				};
			};
			buildConfigurationList = 1CA3B7A62800B2910054EC4E /* Build configuration list for PBXProject "WeatherApp" */;
			compatibilityVersion = "Xcode 13.0";
			developmentRegion = en;
			hasScannedForEncodings = 0;
			knownRegions = (
				en,
				Base,
			);
			mainGroup = 1CA3B7A22800B2910054EC4E;
			packageReferences = (
				1C91BCD92802A5F700D13281 /* XCRemoteSwiftPackageReference "Alamofire" */,
				1C91BCDE2802A7B700D13281 /* XCRemoteSwiftPackageReference "SwiftyJSON" */,
			);
			productRefGroup = 1CA3B7AC2800B2910054EC4E /* Products */;
			projectDirPath = "";
			projectRoot = "";
			targets = (
				1CA3B7AA2800B2910054EC4E /* WeatherApp */,
			);
		};
/* End PBXProject section */

/* Begin PBXResourcesBuildPhase section */
		1CA3B7A92800B2910054EC4E /* Resources */ = {
			isa = PBXResourcesBuildPhase;
			buildActionMask = 2147483647;
			files = (
				1CA3B7BB2800B2940054EC4E /* LaunchScreen.storyboard in Resources */,
				1CA3B7B82800B2940054EC4E /* Assets.xcassets in Resources */,
			);
			runOnlyForDeploymentPostprocessing = 0;
		};
/* End PBXResourcesBuildPhase section */

/* Begin PBXSourcesBuildPhase section */
		1CA3B7A72800B2910054EC4E /* Sources */ = {
			isa = PBXSourcesBuildPhase;
			buildActionMask = 2147483647;
			files = (
				1C91BCE22802A81500D13281 /* Endpoint.swift in Sources */,
				1CA3B7B32800B2910054EC4E /* HomeViewController.swift in Sources */,
				1C70B9BB2800B5600024A334 /* HomeView.swift in Sources */,
				1CA3B7AF2800B2910054EC4E /* AppDelegate.swift in Sources */,
				1C91BCE62802ADAC00D13281 /* Location.swift in Sources */,
				1CA3B7B12800B2910054EC4E /* SceneDelegate.swift in Sources */,
				1C91BCDD2802A71900D13281 /* APIService.swift in Sources */,
				1C91BCE42802AB8C00D13281 /* WeatherType.swift in Sources */,
				1C70B9BD2800B59A0024A334 /* ViewRepresentable.swift in Sources */,
			);
			runOnlyForDeploymentPostprocessing = 0;
		};
/* End PBXSourcesBuildPhase section */

/* Begin PBXVariantGroup section */
		1CA3B7B92800B2940054EC4E /* LaunchScreen.storyboard */ = {
			isa = PBXVariantGroup;
			children = (
				1CA3B7BA2800B2940054EC4E /* Base */,
			);
			name = LaunchScreen.storyboard;
			sourceTree = "<group>";
		};
/* End PBXVariantGroup section */

/* Begin XCBuildConfiguration section */
		1CA3B7BD2800B2940054EC4E /* Debug */ = {
			isa = XCBuildConfiguration;
			buildSettings = {
				ALWAYS_SEARCH_USER_PATHS = NO;
				CLANG_ANALYZER_NONNULL = YES;
				CLANG_ANALYZER_NUMBER_OBJECT_CONVERSION = YES_AGGRESSIVE;
				CLANG_CXX_LANGUAGE_STANDARD = "gnu++17";
				CLANG_ENABLE_MODULES = YES;
				CLANG_ENABLE_OBJC_ARC = YES;
				CLANG_ENABLE_OBJC_WEAK = YES;
				CLANG_WARN_BLOCK_CAPTURE_AUTORELEASING = YES;
				CLANG_WARN_BOOL_CONVERSION = YES;
				CLANG_WARN_COMMA = YES;
				CLANG_WARN_CONSTANT_CONVERSION = YES;
				CLANG_WARN_DEPRECATED_OBJC_IMPLEMENTATIONS = YES;
				CLANG_WARN_DIRECT_OBJC_ISA_USAGE = YES_ERROR;
				CLANG_WARN_DOCUMENTATION_COMMENTS = YES;
				CLANG_WARN_EMPTY_BODY = YES;
				CLANG_WARN_ENUM_CONVERSION = YES;
				CLANG_WARN_INFINITE_RECURSION = YES;
				CLANG_WARN_INT_CONVERSION = YES;
				CLANG_WARN_NON_LITERAL_NULL_CONVERSION = YES;
				CLANG_WARN_OBJC_IMPLICIT_RETAIN_SELF = YES;
				CLANG_WARN_OBJC_LITERAL_CONVERSION = YES;
				CLANG_WARN_OBJC_ROOT_CLASS = YES_ERROR;
				CLANG_WARN_QUOTED_INCLUDE_IN_FRAMEWORK_HEADER = YES;
				CLANG_WARN_RANGE_LOOP_ANALYSIS = YES;
				CLANG_WARN_STRICT_PROTOTYPES = YES;
				CLANG_WARN_SUSPICIOUS_MOVE = YES;
				CLANG_WARN_UNGUARDED_AVAILABILITY = YES_AGGRESSIVE;
				CLANG_WARN_UNREACHABLE_CODE = YES;
				CLANG_WARN__DUPLICATE_METHOD_MATCH = YES;
				COPY_PHASE_STRIP = NO;
				DEBUG_INFORMATION_FORMAT = dwarf;
				ENABLE_STRICT_OBJC_MSGSEND = YES;
				ENABLE_TESTABILITY = YES;
				GCC_C_LANGUAGE_STANDARD = gnu11;
				GCC_DYNAMIC_NO_PIC = NO;
				GCC_NO_COMMON_BLOCKS = YES;
				GCC_OPTIMIZATION_LEVEL = 0;
				GCC_PREPROCESSOR_DEFINITIONS = (
					"DEBUG=1",
					"$(inherited)",
				);
				GCC_WARN_64_TO_32_BIT_CONVERSION = YES;
				GCC_WARN_ABOUT_RETURN_TYPE = YES_ERROR;
				GCC_WARN_UNDECLARED_SELECTOR = YES;
				GCC_WARN_UNINITIALIZED_AUTOS = YES_AGGRESSIVE;
				GCC_WARN_UNUSED_FUNCTION = YES;
				GCC_WARN_UNUSED_VARIABLE = YES;
				IPHONEOS_DEPLOYMENT_TARGET = 15.4;
				MTL_ENABLE_DEBUG_INFO = INCLUDE_SOURCE;
				MTL_FAST_MATH = YES;
				ONLY_ACTIVE_ARCH = YES;
				SDKROOT = iphoneos;
				SWIFT_ACTIVE_COMPILATION_CONDITIONS = DEBUG;
				SWIFT_OPTIMIZATION_LEVEL = "-Onone";
			};
			name = Debug;
		};
		1CA3B7BE2800B2940054EC4E /* Release */ = {
			isa = XCBuildConfiguration;
			buildSettings = {
				ALWAYS_SEARCH_USER_PATHS = NO;
				CLANG_ANALYZER_NONNULL = YES;
				CLANG_ANALYZER_NUMBER_OBJECT_CONVERSION = YES_AGGRESSIVE;
				CLANG_CXX_LANGUAGE_STANDARD = "gnu++17";
				CLANG_ENABLE_MODULES = YES;
				CLANG_ENABLE_OBJC_ARC = YES;
				CLANG_ENABLE_OBJC_WEAK = YES;
				CLANG_WARN_BLOCK_CAPTURE_AUTORELEASING = YES;
				CLANG_WARN_BOOL_CONVERSION = YES;
				CLANG_WARN_COMMA = YES;
				CLANG_WARN_CONSTANT_CONVERSION = YES;
				CLANG_WARN_DEPRECATED_OBJC_IMPLEMENTATIONS = YES;
				CLANG_WARN_DIRECT_OBJC_ISA_USAGE = YES_ERROR;
				CLANG_WARN_DOCUMENTATION_COMMENTS = YES;
				CLANG_WARN_EMPTY_BODY = YES;
				CLANG_WARN_ENUM_CONVERSION = YES;
				CLANG_WARN_INFINITE_RECURSION = YES;
				CLANG_WARN_INT_CONVERSION = YES;
				CLANG_WARN_NON_LITERAL_NULL_CONVERSION = YES;
				CLANG_WARN_OBJC_IMPLICIT_RETAIN_SELF = YES;
				CLANG_WARN_OBJC_LITERAL_CONVERSION = YES;
				CLANG_WARN_OBJC_ROOT_CLASS = YES_ERROR;
				CLANG_WARN_QUOTED_INCLUDE_IN_FRAMEWORK_HEADER = YES;
				CLANG_WARN_RANGE_LOOP_ANALYSIS = YES;
				CLANG_WARN_STRICT_PROTOTYPES = YES;
				CLANG_WARN_SUSPICIOUS_MOVE = YES;
				CLANG_WARN_UNGUARDED_AVAILABILITY = YES_AGGRESSIVE;
				CLANG_WARN_UNREACHABLE_CODE = YES;
				CLANG_WARN__DUPLICATE_METHOD_MATCH = YES;
				COPY_PHASE_STRIP = NO;
				DEBUG_INFORMATION_FORMAT = "dwarf-with-dsym";
				ENABLE_NS_ASSERTIONS = NO;
				ENABLE_STRICT_OBJC_MSGSEND = YES;
				GCC_C_LANGUAGE_STANDARD = gnu11;
				GCC_NO_COMMON_BLOCKS = YES;
				GCC_WARN_64_TO_32_BIT_CONVERSION = YES;
				GCC_WARN_ABOUT_RETURN_TYPE = YES_ERROR;
				GCC_WARN_UNDECLARED_SELECTOR = YES;
				GCC_WARN_UNINITIALIZED_AUTOS = YES_AGGRESSIVE;
				GCC_WARN_UNUSED_FUNCTION = YES;
				GCC_WARN_UNUSED_VARIABLE = YES;
				IPHONEOS_DEPLOYMENT_TARGET = 15.4;
				MTL_ENABLE_DEBUG_INFO = NO;
				MTL_FAST_MATH = YES;
				SDKROOT = iphoneos;
				SWIFT_COMPILATION_MODE = wholemodule;
				SWIFT_OPTIMIZATION_LEVEL = "-O";
				VALIDATE_PRODUCT = YES;
			};
			name = Release;
		};
		1CA3B7C02800B2940054EC4E /* Debug */ = {
			isa = XCBuildConfiguration;
			buildSettings = {
				ASSETCATALOG_COMPILER_APPICON_NAME = AppIcon;
				ASSETCATALOG_COMPILER_GLOBAL_ACCENT_COLOR_NAME = AccentColor;
				CODE_SIGN_STYLE = Automatic;
				CURRENT_PROJECT_VERSION = 1;
				DEVELOPMENT_TEAM = 5LZNHGFB8C;
				GENERATE_INFOPLIST_FILE = YES;
				INFOPLIST_FILE = "WeatherApp/Supporting Files/Info.plist";
				INFOPLIST_KEY_UIApplicationSupportsIndirectInputEvents = YES;
				INFOPLIST_KEY_UILaunchStoryboardName = LaunchScreen;
				INFOPLIST_KEY_UISupportedInterfaceOrientations = UIInterfaceOrientationPortrait;
				INFOPLIST_KEY_UISupportedInterfaceOrientations_iPad = "UIInterfaceOrientationPortrait UIInterfaceOrientationPortraitUpsideDown UIInterfaceOrientationLandscapeLeft UIInterfaceOrientationLandscapeRight";
				INFOPLIST_KEY_UISupportedInterfaceOrientations_iPhone = "UIInterfaceOrientationPortrait UIInterfaceOrientationLandscapeLeft UIInterfaceOrientationLandscapeRight";
				LD_RUNPATH_SEARCH_PATHS = (
					"$(inherited)",
					"@executable_path/Frameworks",
				);
				MARKETING_VERSION = 1.0;
				PRODUCT_BUNDLE_IDENTIFIER = KEEN.WeatherApp;
				PRODUCT_NAME = "$(TARGET_NAME)";
				SWIFT_EMIT_LOC_STRINGS = YES;
				SWIFT_VERSION = 5.0;
				TARGETED_DEVICE_FAMILY = 1;
			};
			name = Debug;
		};
		1CA3B7C12800B2940054EC4E /* Release */ = {
			isa = XCBuildConfiguration;
			buildSettings = {
				ASSETCATALOG_COMPILER_APPICON_NAME = AppIcon;
				ASSETCATALOG_COMPILER_GLOBAL_ACCENT_COLOR_NAME = AccentColor;
				CODE_SIGN_STYLE = Automatic;
				CURRENT_PROJECT_VERSION = 1;
				DEVELOPMENT_TEAM = 5LZNHGFB8C;
				GENERATE_INFOPLIST_FILE = YES;
				INFOPLIST_FILE = "WeatherApp/Supporting Files/Info.plist";
				INFOPLIST_KEY_UIApplicationSupportsIndirectInputEvents = YES;
				INFOPLIST_KEY_UILaunchStoryboardName = LaunchScreen;
				INFOPLIST_KEY_UISupportedInterfaceOrientations = UIInterfaceOrientationPortrait;
				INFOPLIST_KEY_UISupportedInterfaceOrientations_iPad = "UIInterfaceOrientationPortrait UIInterfaceOrientationPortraitUpsideDown UIInterfaceOrientationLandscapeLeft UIInterfaceOrientationLandscapeRight";
				INFOPLIST_KEY_UISupportedInterfaceOrientations_iPhone = "UIInterfaceOrientationPortrait UIInterfaceOrientationLandscapeLeft UIInterfaceOrientationLandscapeRight";
				LD_RUNPATH_SEARCH_PATHS = (
					"$(inherited)",
					"@executable_path/Frameworks",
				);
				MARKETING_VERSION = 1.0;
				PRODUCT_BUNDLE_IDENTIFIER = KEEN.WeatherApp;
				PRODUCT_NAME = "$(TARGET_NAME)";
				SWIFT_EMIT_LOC_STRINGS = YES;
				SWIFT_VERSION = 5.0;
				TARGETED_DEVICE_FAMILY = 1;
			};
			name = Release;
		};
/* End XCBuildConfiguration section */

/* Begin XCConfigurationList section */
		1CA3B7A62800B2910054EC4E /* Build configuration list for PBXProject "WeatherApp" */ = {
			isa = XCConfigurationList;
			buildConfigurations = (
				1CA3B7BD2800B2940054EC4E /* Debug */,
				1CA3B7BE2800B2940054EC4E /* Release */,
			);
			defaultConfigurationIsVisible = 0;
			defaultConfigurationName = Release;
		};
		1CA3B7BF2800B2940054EC4E /* Build configuration list for PBXNativeTarget "WeatherApp" */ = {
			isa = XCConfigurationList;
			buildConfigurations = (
				1CA3B7C02800B2940054EC4E /* Debug */,
				1CA3B7C12800B2940054EC4E /* Release */,
			);
			defaultConfigurationIsVisible = 0;
			defaultConfigurationName = Release;
		};
/* End XCConfigurationList section */

/* Begin XCRemoteSwiftPackageReference section */
		1C91BCD92802A5F700D13281 /* XCRemoteSwiftPackageReference "Alamofire" */ = {
			isa = XCRemoteSwiftPackageReference;
			repositoryURL = "https://github.com/Alamofire/Alamofire.git";
			requirement = {
				kind = upToNextMajorVersion;
				minimumVersion = 5.0.0;
			};
		};
		1C91BCDE2802A7B700D13281 /* XCRemoteSwiftPackageReference "SwiftyJSON" */ = {
			isa = XCRemoteSwiftPackageReference;
			repositoryURL = "https://github.com/SwiftyJSON/SwiftyJSON.git";
			requirement = {
				kind = upToNextMajorVersion;
				minimumVersion = 5.0.0;
			};
		};
/* End XCRemoteSwiftPackageReference section */

/* Begin XCSwiftPackageProductDependency section */
		1C91BCDA2802A5F700D13281 /* Alamofire */ = {
			isa = XCSwiftPackageProductDependency;
			package = 1C91BCD92802A5F700D13281 /* XCRemoteSwiftPackageReference "Alamofire" */;
			productName = Alamofire;
		};
		1C91BCDF2802A7B700D13281 /* SwiftyJSON */ = {
			isa = XCSwiftPackageProductDependency;
			package = 1C91BCDE2802A7B700D13281 /* XCRemoteSwiftPackageReference "SwiftyJSON" */;
			productName = SwiftyJSON;
		};
/* End XCSwiftPackageProductDependency section */
	};
	rootObject = 1CA3B7A32800B2910054EC4E /* Project object */;
}
